
Microsoft Visual Studio Solution File, Format Version 12.00
# Visual Studio 14
VisualStudioVersion = 14.0.25420.1
MinimumVisualStudioVersion = 10.0.40219.1
Project("{FAE04EC0-301F-11D3-BF4B-00C04F79EFBC}") = "IrisProxyCracked", "IrisProxyCracked\IrisProxyCracked.csproj", "{3F42BA38-F892-4192-BF93-7E68A879F219}"
EndProject
Global
	GlobalSection(SolutionConfigurationPlatforms) = preSolution
		Debug|Any CPU = Debug|Any CPU
		Release|Any CPU = Release|Any CPU
	EndGlobalSection
	GlobalSection(ProjectConfigurationPlatforms) = postSolution
		{3F42BA38-F892-4192-BF93-7E68A879F219}.Debug|Any CPU.ActiveCfg = Debug|Any CPU
		{3F42BA38-F892-4192-BF93-7E68A879F219}.Debug|Any CPU.Build.0 = Debug|Any CPU
		{3F42BA38-F892-4192-BF93-7E68A879F219}.Release|Any CPU.ActiveCfg = Release|Any CPU
		{3F42BA38-F892-4192-BF93-7E68A879F219}.Release|Any CPU.Build.0 = Release|Any CPU
	EndGlobalSection
	GlobalSection(SolutionProperties) = preSolution
		HideSolutionNode = FALSE
	EndGlobalSection
EndGlobal
